
Microsoft Visual Studio Solution File, Format Version 12.00
# Visual Studio Version 17
VisualStudioVersion = 17.0.31903.59
MinimumVisualStudioVersion = 10.0.40219.1
Project("{2150E333-8FDC-42A3-9474-1A3956D46DE8}") = "corePackages", "corePackages", "{6EE88764-461D-436B-B371-D589035D7BDC}"
EndProject
Project("{2150E333-8FDC-42A3-9474-1A3956D46DE8}") = "project", "project", "{A8585EF6-6A3A-4B96-9609-817E27A22090}"
EndProject
Project("{2150E333-8FDC-42A3-9474-1A3956D46DE8}") = "TravelPlanner", "TravelPlanner", "{7025D279-5B79-408D-9D34-6D9448BC1A06}"
EndProject
Project("{9A19103F-16F7-4668-BE54-9A1E7A4F7556}") = "Models", "project\TravelPlanner\Models\Models.csproj", "{57080E31-4448-43A9-8117-60A007409B89}"
EndProject
Project("{9A19103F-16F7-4668-BE54-9A1E7A4F7556}") = "DataAccess", "project\TravelPlanner\DataAccess\DataAccess.csproj", "{92F1C2BC-C402-4862-8422-11580E660364}"
EndProject
Project("{9A19103F-16F7-4668-BE54-9A1E7A4F7556}") = "Service", "project\TravelPlanner\Service\Service.csproj", "{E7ADF9B3-9615-4EB6-995E-3C06183245EE}"
EndProject
Project("{9A19103F-16F7-4668-BE54-9A1E7A4F7556}") = "WebAPI", "project\TravelPlanner\WebAPI\WebAPI.csproj", "{6A279155-1F7D-4F7A-9C23-8C64EB0293A3}"
EndProject
Project("{9A19103F-16F7-4668-BE54-9A1E7A4F7556}") = "Core.Persistence", "corePackages\Core.Persistence\Core.Persistence.csproj", "{EC0D5A71-6F65-40F2-B0DD-0E186B7D18A8}"
EndProject
Project("{9A19103F-16F7-4668-BE54-9A1E7A4F7556}") = "Core.Shared", "corePackages\Core.Shared\Core.Shared.csproj", "{54BBE776-CA7D-4CB8-A0A6-7A69717EE0D8}"
EndProject
Project("{9A19103F-16F7-4668-BE54-9A1E7A4F7556}") = "Core.CrossCuttingConcerns", "corePackages\Core.CrossCuttingConcerns\Core.CrossCuttingConcerns.csproj", "{CA7539C3-27F3-456E-AD89-E20F4A19B579}"
EndProject
Project("{2150E333-8FDC-42A3-9474-1A3956D46DE8}") = "databaseDiagram", "databaseDiagram", "{151DE8D0-7174-4F43-BE02-1ADA2D05DACE}"
	ProjectSection(SolutionItems) = preProject
		database_diagram.png = database_diagram.png
	EndProjectSection
EndProject
Global
	GlobalSection(SolutionConfigurationPlatforms) = preSolution
		Debug|Any CPU = Debug|Any CPU
		Release|Any CPU = Release|Any CPU
	EndGlobalSection
	GlobalSection(ProjectConfigurationPlatforms) = postSolution
		{57080E31-4448-43A9-8117-60A007409B89}.Debug|Any CPU.ActiveCfg = Debug|Any CPU
		{57080E31-4448-43A9-8117-60A007409B89}.Debug|Any CPU.Build.0 = Debug|Any CPU
		{57080E31-4448-43A9-8117-60A007409B89}.Release|Any CPU.ActiveCfg = Release|Any CPU
		{57080E31-4448-43A9-8117-60A007409B89}.Release|Any CPU.Build.0 = Release|Any CPU
		{92F1C2BC-C402-4862-8422-11580E660364}.Debug|Any CPU.ActiveCfg = Debug|Any CPU
		{92F1C2BC-C402-4862-8422-11580E660364}.Debug|Any CPU.Build.0 = Debug|Any CPU
		{92F1C2BC-C402-4862-8422-11580E660364}.Release|Any CPU.ActiveCfg = Release|Any CPU
		{92F1C2BC-C402-4862-8422-11580E660364}.Release|Any CPU.Build.0 = Release|Any CPU
		{E7ADF9B3-9615-4EB6-995E-3C06183245EE}.Debug|Any CPU.ActiveCfg = Debug|Any CPU
		{E7ADF9B3-9615-4EB6-995E-3C06183245EE}.Debug|Any CPU.Build.0 = Debug|Any CPU
		{E7ADF9B3-9615-4EB6-995E-3C06183245EE}.Release|Any CPU.ActiveCfg = Release|Any CPU
		{E7ADF9B3-9615-4EB6-995E-3C06183245EE}.Release|Any CPU.Build.0 = Release|Any CPU
		{6A279155-1F7D-4F7A-9C23-8C64EB0293A3}.Debug|Any CPU.ActiveCfg = Debug|Any CPU
		{6A279155-1F7D-4F7A-9C23-8C64EB0293A3}.Debug|Any CPU.Build.0 = Debug|Any CPU
		{6A279155-1F7D-4F7A-9C23-8C64EB0293A3}.Release|Any CPU.ActiveCfg = Release|Any CPU
		{6A279155-1F7D-4F7A-9C23-8C64EB0293A3}.Release|Any CPU.Build.0 = Release|Any CPU
		{EC0D5A71-6F65-40F2-B0DD-0E186B7D18A8}.Debug|Any CPU.ActiveCfg = Debug|Any CPU
		{EC0D5A71-6F65-40F2-B0DD-0E186B7D18A8}.Debug|Any CPU.Build.0 = Debug|Any CPU
		{EC0D5A71-6F65-40F2-B0DD-0E186B7D18A8}.Release|Any CPU.ActiveCfg = Release|Any CPU
		{EC0D5A71-6F65-40F2-B0DD-0E186B7D18A8}.Release|Any CPU.Build.0 = Release|Any CPU
		{54BBE776-CA7D-4CB8-A0A6-7A69717EE0D8}.Debug|Any CPU.ActiveCfg = Debug|Any CPU
		{54BBE776-CA7D-4CB8-A0A6-7A69717EE0D8}.Debug|Any CPU.Build.0 = Debug|Any CPU
		{54BBE776-CA7D-4CB8-A0A6-7A69717EE0D8}.Release|Any CPU.ActiveCfg = Release|Any CPU
		{54BBE776-CA7D-4CB8-A0A6-7A69717EE0D8}.Release|Any CPU.Build.0 = Release|Any CPU
		{CA7539C3-27F3-456E-AD89-E20F4A19B579}.Debug|Any CPU.ActiveCfg = Debug|Any CPU
		{CA7539C3-27F3-456E-AD89-E20F4A19B579}.Debug|Any CPU.Build.0 = Debug|Any CPU
		{CA7539C3-27F3-456E-AD89-E20F4A19B579}.Release|Any CPU.ActiveCfg = Release|Any CPU
		{CA7539C3-27F3-456E-AD89-E20F4A19B579}.Release|Any CPU.Build.0 = Release|Any CPU
	EndGlobalSection
	GlobalSection(SolutionProperties) = preSolution
		HideSolutionNode = FALSE
	EndGlobalSection
	GlobalSection(NestedProjects) = preSolution
		{7025D279-5B79-408D-9D34-6D9448BC1A06} = {A8585EF6-6A3A-4B96-9609-817E27A22090}
		{57080E31-4448-43A9-8117-60A007409B89} = {7025D279-5B79-408D-9D34-6D9448BC1A06}
		{92F1C2BC-C402-4862-8422-11580E660364} = {7025D279-5B79-408D-9D34-6D9448BC1A06}
		{E7ADF9B3-9615-4EB6-995E-3C06183245EE} = {7025D279-5B79-408D-9D34-6D9448BC1A06}
		{6A279155-1F7D-4F7A-9C23-8C64EB0293A3} = {7025D279-5B79-408D-9D34-6D9448BC1A06}
		{EC0D5A71-6F65-40F2-B0DD-0E186B7D18A8} = {6EE88764-461D-436B-B371-D589035D7BDC}
		{54BBE776-CA7D-4CB8-A0A6-7A69717EE0D8} = {6EE88764-461D-436B-B371-D589035D7BDC}
		{CA7539C3-27F3-456E-AD89-E20F4A19B579} = {6EE88764-461D-436B-B371-D589035D7BDC}
	EndGlobalSection
	GlobalSection(ExtensibilityGlobals) = postSolution
		SolutionGuid = {AD9D22E3-C3AB-4F70-80B6-52F4BF7B628C}
	EndGlobalSection
EndGlobal
